// !$*UTF8*$!
{
	archiveVersion = 1;
	classes = {
	};
	objectVersion = 50;
	objects = {

/* Begin PBXBuildFile section */
		83B61A7525A3509800A48D68 /* AppDelegate.swift in Sources */ = {isa = PBXBuildFile; fileRef = 83B61A7425A3509800A48D68 /* AppDelegate.swift */; };
		83B61A7725A3509800A48D68 /* SceneDelegate.swift in Sources */ = {isa = PBXBuildFile; fileRef = 83B61A7625A3509800A48D68 /* SceneDelegate.swift */; };
		83B61A7925A3509800A48D68 /* ViewController.swift in Sources */ = {isa = PBXBuildFile; fileRef = 83B61A7825A3509800A48D68 /* ViewController.swift */; };
		83B61A7C25A3509800A48D68 /* Main.storyboard in Resources */ = {isa = PBXBuildFile; fileRef = 83B61A7A25A3509800A48D68 /* Main.storyboard */; };
		83B61A7E25A3509A00A48D68 /* Assets.xcassets in Resources */ = {isa = PBXBuildFile; fileRef = 83B61A7D25A3509A00A48D68 /* Assets.xcassets */; };
		83B61A8125A3509A00A48D68 /* LaunchScreen.storyboard in Resources */ = {isa = PBXBuildFile; fileRef = 83B61A7F25A3509A00A48D68 /* LaunchScreen.storyboard */; };
		83B61A8A25A44C8600A48D68 /* appleFunc.swift in Sources */ = {isa = PBXBuildFile; fileRef = 83B61A8925A44C8600A48D68 /* appleFunc.swift */; };
/* End PBXBuildFile section */

/* Begin PBXFileReference section */
		83B61A7125A3509800A48D68 /* drawApple.app */ = {isa = PBXFileReference; explicitFileType = wrapper.application; includeInIndex = 0; path = drawApple.app; sourceTree = BUILT_PRODUCTS_DIR; };
		83B61A7425A3509800A48D68 /* AppDelegate.swift */ = {isa = PBXFileReference; lastKnownFileType = sourcecode.swift; path = AppDelegate.swift; sourceTree = "<group>"; };
		83B61A7625A3509800A48D68 /* SceneDelegate.swift */ = {isa = PBXFileReference; lastKnownFileType = sourcecode.swift; path = SceneDelegate.swift; sourceTree = "<group>"; };
		83B61A7825A3509800A48D68 /* ViewController.swift */ = {isa = PBXFileReference; lastKnownFileType = sourcecode.swift; path = ViewController.swift; sourceTree = "<group>"; };
		83B61A7B25A3509800A48D68 /* Base */ = {isa = PBXFileReference; lastKnownFileType = file.storyboard; name = Base; path = Base.lproj/Main.storyboard; sourceTree = "<group>"; };
		83B61A7D25A3509A00A48D68 /* Assets.xcassets */ = {isa = PBXFileReference; lastKnownFileType = folder.assetcatalog; path = Assets.xcassets; sourceTree = "<group>"; };
		83B61A8025A3509A00A48D68 /* Base */ = {isa = PBXFileReference; lastKnownFileType = file.storyboard; name = Base; path = Base.lproj/LaunchScreen.storyboard; sourceTree = "<group>"; };
		83B61A8225A3509A00A48D68 /* Info.plist */ = {isa = PBXFileReference; lastKnownFileType = text.plist.xml; path = Info.plist; sourceTree = "<group>"; };
		83B61A8925A44C8600A48D68 /* appleFunc.swift */ = {isa = PBXFileReference; lastKnownFileType = sourcecode.swift; path = appleFunc.swift; sourceTree = "<group>"; };
/* End PBXFileReference section */

/* Begin PBXFrameworksBuildPhase section */
		83B61A6E25A3509800A48D68 /* Frameworks */ = {
			isa = PBXFrameworksBuildPhase;
			buildActionMask = 2147483647;
			files = (
			);
			runOnlyForDeploymentPostprocessing = 0;
		};
/* End PBXFrameworksBuildPhase section */

/* Begin PBXGroup section */
		83B61A6825A3509800A48D68 = {
			isa = PBXGroup;
			children = (
				83B61A7325A3509800A48D68 /* drawApple */,
				83B61A7225A3509800A48D68 /* Products */,
			);
			sourceTree = "<group>";
		};
		83B61A7225A3509800A48D68 /* Products */ = {
			isa = PBXGroup;
			children = (
				83B61A7125A3509800A48D68 /* drawApple.app */,
			);
			name = Products;
			sourceTree = "<group>";
		};
		83B61A7325A3509800A48D68 /* drawApple */ = {
			isa = PBXGroup;
			children = (
				83B61A7425A3509800A48D68 /* AppDelegate.swift */,
				83B61A7625A3509800A48D68 /* SceneDelegate.swift */,
				83B61A7825A3509800A48D68 /* ViewController.swift */,
				83B61A7A25A3509800A48D68 /* Main.storyboard */,
				83B61A8925A44C8600A48D68 /* appleFunc.swift */,
				83B61A7D25A3509A00A48D68 /* Assets.xcassets */,
				83B61A7F25A3509A00A48D68 /* LaunchScreen.storyboard */,
				83B61A8225A3509A00A48D68 /* Info.plist */,
			);
			path = drawApple;
			sourceTree = "<group>";
		};
/* End PBXGroup section */

/* Begin PBXNativeTarget section */
		83B61A7025A3509800A48D68 /* drawApple */ = {
			isa = PBXNativeTarget;
			buildConfigurationList = 83B61A8525A3509A00A48D68 /* Build configuration list for PBXNativeTarget "drawApple" */;
			buildPhases = (
				83B61A6D25A3509800A48D68 /* Sources */,
				83B61A6E25A3509800A48D68 /* Frameworks */,
				83B61A6F25A3509800A48D68 /* Resources */,
			);
			buildRules = (
			);
			dependencies = (
			);
			name = drawApple;
			productName = drawApple;
			productReference = 83B61A7125A3509800A48D68 /* drawApple.app */;
			productType = "com.apple.product-type.application";
		};
/* End PBXNativeTarget section */

/* Begin PBXProject section */
		83B61A6925A3509800A48D68 /* Project object */ = {
			isa = PBXProject;
			attributes = {
				LastSwiftUpdateCheck = 1230;
				LastUpgradeCheck = 1230;
				TargetAttributes = {
					83B61A7025A3509800A48D68 = {
						CreatedOnToolsVersion = 12.3;
					};
				};
			};
			buildConfigurationList = 83B61A6C25A3509800A48D68 /* Build configuration list for PBXProject "drawApple" */;
			compatibilityVersion = "Xcode 9.3";
			developmentRegion = en;
			hasScannedForEncodings = 0;
			knownRegions = (
				en,
				Base,
			);
			mainGroup = 83B61A6825A3509800A48D68;
			productRefGroup = 83B61A7225A3509800A48D68 /* Products */;
			projectDirPath = "";
			projectRoot = "";
			targets = (
				83B61A7025A3509800A48D68 /* drawApple */,
			);
		};
/* End PBXProject section */

/* Begin PBXResourcesBuildPhase section */
		83B61A6F25A3509800A48D68 /* Resources */ = {
			isa = PBXResourcesBuildPhase;
			buildActionMask = 2147483647;
			files = (
				83B61A8125A3509A00A48D68 /* LaunchScreen.storyboard in Resources */,
				83B61A7E25A3509A00A48D68 /* Assets.xcassets in Resources */,
				83B61A7C25A3509800A48D68 /* Main.storyboard in Resources */,
			);
			runOnlyForDeploymentPostprocessing = 0;
		};
/* End PBXResourcesBuildPhase section */

/* Begin PBXSourcesBuildPhase section */
		83B61A6D25A3509800A48D68 /* Sources */ = {
			isa = PBXSourcesBuildPhase;
			buildActionMask = 2147483647;
			files = (
				83B61A8A25A44C8600A48D68 /* appleFunc.swift in Sources */,
				83B61A7925A3509800A48D68 /* ViewController.swift in Sources */,
				83B61A7525A3509800A48D68 /* AppDelegate.swift in Sources */,
				83B61A7725A3509800A48D68 /* SceneDelegate.swift in Sources */,
			);
			runOnlyForDeploymentPostprocessing = 0;
		};
/* End PBXSourcesBuildPhase section */

/* Begin PBXVariantGroup section */
		83B61A7A25A3509800A48D68 /* Main.storyboard */ = {
			isa = PBXVariantGroup;
			children = (
				83B61A7B25A3509800A48D68 /* Base */,
			);
			name = Main.storyboard;
			sourceTree = "<group>";
		};
		83B61A7F25A3509A00A48D68 /* LaunchScreen.storyboard */ = {
			isa = PBXVariantGroup;
			children = (
				83B61A8025A3509A00A48D68 /* Base */,
			);
			name = LaunchScreen.storyboard;
			sourceTree = "<group>";
		};
/* End PBXVariantGroup section */

/* Begin XCBuildConfiguration section */
		83B61A8325A3509A00A48D68 /* Debug */ = {
			isa = XCBuildConfiguration;
			buildSettings = {
				ALWAYS_SEARCH_USER_PATHS = NO;
				CLANG_ANALYZER_NONNULL = YES;
				CLANG_ANALYZER_NUMBER_OBJECT_CONVERSION = YES_AGGRESSIVE;
				CLANG_CXX_LANGUAGE_STANDARD = "gnu++14";
				CLANG_CXX_LIBRARY = "libc++";
				CLANG_ENABLE_MODULES = YES;
				CLANG_ENABLE_OBJC_ARC = YES;
				CLANG_ENABLE_OBJC_WEAK = YES;
				CLANG_WARN_BLOCK_CAPTURE_AUTORELEASING = YES;
				CLANG_WARN_BOOL_CONVERSION = YES;
				CLANG_WARN_COMMA = YES;
				CLANG_WARN_CONSTANT_CONVERSION = YES;
				CLANG_WARN_DEPRECATED_OBJC_IMPLEMENTATIONS = YES;
				CLANG_WARN_DIRECT_OBJC_ISA_USAGE = YES_ERROR;
				CLANG_WARN_DOCUMENTATION_COMMENTS = YES;
				CLANG_WARN_EMPTY_BODY = YES;
				CLANG_WARN_ENUM_CONVERSION = YES;
				CLANG_WARN_INFINITE_RECURSION = YES;
				CLANG_WARN_INT_CONVERSION = YES;
				CLANG_WARN_NON_LITERAL_NULL_CONVERSION = YES;
				CLANG_WARN_OBJC_IMPLICIT_RETAIN_SELF = YES;
				CLANG_WARN_OBJC_LITERAL_CONVERSION = YES;
				CLANG_WARN_OBJC_ROOT_CLASS = YES_ERROR;
				CLANG_WARN_QUOTED_INCLUDE_IN_FRAMEWORK_HEADER = YES;
				CLANG_WARN_RANGE_LOOP_ANALYSIS = YES;
				CLANG_WARN_STRICT_PROTOTYPES = YES;
				CLANG_WARN_SUSPICIOUS_MOVE = YES;
				CLANG_WARN_UNGUARDED_AVAILABILITY = YES_AGGRESSIVE;
				CLANG_WARN_UNREACHABLE_CODE = YES;
				CLANG_WARN__DUPLICATE_METHOD_MATCH = YES;
				COPY_PHASE_STRIP = NO;
				DEBUG_INFORMATION_FORMAT = dwarf;
				ENABLE_STRICT_OBJC_MSGSEND = YES;
				ENABLE_TESTABILITY = YES;
				GCC_C_LANGUAGE_STANDARD = gnu11;
				GCC_DYNAMIC_NO_PIC = NO;
				GCC_NO_COMMON_BLOCKS = YES;
				GCC_OPTIMIZATION_LEVEL = 0;
				GCC_PREPROCESSOR_DEFINITIONS = (
					"DEBUG=1",
					"$(inherited)",
				);
				GCC_WARN_64_TO_32_BIT_CONVERSION = YES;
				GCC_WARN_ABOUT_RETURN_TYPE = YES_ERROR;
				GCC_WARN_UNDECLARED_SELECTOR = YES;
				GCC_WARN_UNINITIALIZED_AUTOS = YES_AGGRESSIVE;
				GCC_WARN_UNUSED_FUNCTION = YES;
				GCC_WARN_UNUSED_VARIABLE = YES;
				IPHONEOS_DEPLOYMENT_TARGET = 14.3;
				MTL_ENABLE_DEBUG_INFO = INCLUDE_SOURCE;
				MTL_FAST_MATH = YES;
				ONLY_ACTIVE_ARCH = YES;
				SDKROOT = iphoneos;
				SWIFT_ACTIVE_COMPILATION_CONDITIONS = DEBUG;
				SWIFT_OPTIMIZATION_LEVEL = "-Onone";
			};
			name = Debug;
		};
		83B61A8425A3509A00A48D68 /* Release */ = {
			isa = XCBuildConfiguration;
			buildSettings = {
				ALWAYS_SEARCH_USER_PATHS = NO;
				CLANG_ANALYZER_NONNULL = YES;
				CLANG_ANALYZER_NUMBER_OBJECT_CONVERSION = YES_AGGRESSIVE;
				CLANG_CXX_LANGUAGE_STANDARD = "gnu++14";
				CLANG_CXX_LIBRARY = "libc++";
				CLANG_ENABLE_MODULES = YES;
				CLANG_ENABLE_OBJC_ARC = YES;
				CLANG_ENABLE_OBJC_WEAK = YES;
				CLANG_WARN_BLOCK_CAPTURE_AUTORELEASING = YES;
				CLANG_WARN_BOOL_CONVERSION = YES;
				CLANG_WARN_COMMA = YES;
				CLANG_WARN_CONSTANT_CONVERSION = YES;
				CLANG_WARN_DEPRECATED_OBJC_IMPLEMENTATIONS = YES;
				CLANG_WARN_DIRECT_OBJC_ISA_USAGE = YES_ERROR;
				CLANG_WARN_DOCUMENTATION_COMMENTS = YES;
				CLANG_WARN_EMPTY_BODY = YES;
				CLANG_WARN_ENUM_CONVERSION = YES;
				CLANG_WARN_INFINITE_RECURSION = YES;
				CLANG_WARN_INT_CONVERSION = YES;
				CLANG_WARN_NON_LITERAL_NULL_CONVERSION = YES;
				CLANG_WARN_OBJC_IMPLICIT_RETAIN_SELF = YES;
				CLANG_WARN_OBJC_LITERAL_CONVERSION = YES;
				CLANG_WARN_OBJC_ROOT_CLASS = YES_ERROR;
				CLANG_WARN_QUOTED_INCLUDE_IN_FRAMEWORK_HEADER = YES;
				CLANG_WARN_RANGE_LOOP_ANALYSIS = YES;
				CLANG_WARN_STRICT_PROTOTYPES = YES;
				CLANG_WARN_SUSPICIOUS_MOVE = YES;
				CLANG_WARN_UNGUARDED_AVAILABILITY = YES_AGGRESSIVE;
				CLANG_WARN_UNREACHABLE_CODE = YES;
				CLANG_WARN__DUPLICATE_METHOD_MATCH = YES;
				COPY_PHASE_STRIP = NO;
				DEBUG_INFORMATION_FORMAT = "dwarf-with-dsym";
				ENABLE_NS_ASSERTIONS = NO;
				ENABLE_STRICT_OBJC_MSGSEND = YES;
				GCC_C_LANGUAGE_STANDARD = gnu11;
				GCC_NO_COMMON_BLOCKS = YES;
				GCC_WARN_64_TO_32_BIT_CONVERSION = YES;
				GCC_WARN_ABOUT_RETURN_TYPE = YES_ERROR;
				GCC_WARN_UNDECLARED_SELECTOR = YES;
				GCC_WARN_UNINITIALIZED_AUTOS = YES_AGGRESSIVE;
				GCC_WARN_UNUSED_FUNCTION = YES;
				GCC_WARN_UNUSED_VARIABLE = YES;
				IPHONEOS_DEPLOYMENT_TARGET = 14.3;
				MTL_ENABLE_DEBUG_INFO = NO;
				MTL_FAST_MATH = YES;
				SDKROOT = iphoneos;
				SWIFT_COMPILATION_MODE = wholemodule;
				SWIFT_OPTIMIZATION_LEVEL = "-O";
				VALIDATE_PRODUCT = YES;
			};
			name = Release;
		};
		83B61A8625A3509A00A48D68 /* Debug */ = {
			isa = XCBuildConfiguration;
			buildSettings = {
				ASSETCATALOG_COMPILER_APPICON_NAME = AppIcon;
				ASSETCATALOG_COMPILER_GLOBAL_ACCENT_COLOR_NAME = AccentColor;
				CODE_SIGN_STYLE = Automatic;
				DEVELOPMENT_TEAM = C4N9Z9736D;
				INFOPLIST_FILE = drawApple/Info.plist;
				LD_RUNPATH_SEARCH_PATHS = (
					"$(inherited)",
					"@executable_path/Frameworks",
				);
				PRODUCT_BUNDLE_IDENTIFIER = chi.drawApple;
				PRODUCT_NAME = "$(TARGET_NAME)";
				SWIFT_VERSION = 5.0;
				TARGETED_DEVICE_FAMILY = "1,2";
			};
			name = Debug;
		};
		83B61A8725A3509A00A48D68 /* Release */ = {
			isa = XCBuildConfiguration;
			buildSettings = {
				ASSETCATALOG_COMPILER_APPICON_NAME = AppIcon;
				ASSETCATALOG_COMPILER_GLOBAL_ACCENT_COLOR_NAME = AccentColor;
				CODE_SIGN_STYLE = Automatic;
				DEVELOPMENT_TEAM = C4N9Z9736D;
				INFOPLIST_FILE = drawApple/Info.plist;
				LD_RUNPATH_SEARCH_PATHS = (
					"$(inherited)",
					"@executable_path/Frameworks",
				);
				PRODUCT_BUNDLE_IDENTIFIER = chi.drawApple;
				PRODUCT_NAME = "$(TARGET_NAME)";
				SWIFT_VERSION = 5.0;
				TARGETED_DEVICE_FAMILY = "1,2";
			};
			name = Release;
		};
/* End XCBuildConfiguration section */

/* Begin XCConfigurationList section */
		83B61A6C25A3509800A48D68 /* Build configuration list for PBXProject "drawApple" */ = {
			isa = XCConfigurationList;
			buildConfigurations = (
				83B61A8325A3509A00A48D68 /* Debug */,
				83B61A8425A3509A00A48D68 /* Release */,
			);
			defaultConfigurationIsVisible = 0;
			defaultConfigurationName = Release;
		};
		83B61A8525A3509A00A48D68 /* Build configuration list for PBXNativeTarget "drawApple" */ = {
			isa = XCConfigurationList;
			buildConfigurations = (
				83B61A8625A3509A00A48D68 /* Debug */,
				83B61A8725A3509A00A48D68 /* Release */,
			);
			defaultConfigurationIsVisible = 0;
			defaultConfigurationName = Release;
		};
/* End XCConfigurationList section */
	};
	rootObject = 83B61A6925A3509800A48D68 /* Project object */;
}
